# THIS IS AN AUTOGENERATED FILE. DO NOT EDIT THIS FILE DIRECTLY.
# yarn lockfile v1


"@nomadic-labs/secp256k1-js@*":
  version "1.0.4"
  resolved "https://registry.yarnpkg.com/@nomadic-labs/secp256k1-js/-/secp256k1-js-1.0.4.tgz#7a7c420ae6aab5ed4112acbb8064c42f5591182b"
  integrity sha512-oVj+8PR/yN8YL5kzjMzetPP+FKCfgRJdD83IRTD4fD9fJuSeSrm4YOJYywEH0v8vlJN7K1q7kjZ03oI0EAYfgA==

"@nomadic-labs/uecc-js@*":
  version "1.0.6"
  resolved "https://registry.yarnpkg.com/@nomadic-labs/uecc-js/-/uecc-js-1.0.6.tgz#56ec525c367944cdca149d6d6651cffa01a8188a"
  integrity sha512-uNEhxYWuVibznC89VOfBftsV+jU6lXQVTCIgGpcT+i+7A2uAIRS8dbv83rY5Hz1FsLD0zpdVdK9GYa0W9Kav2A==

"hacl-wasm@file:./test/hacl-wasm":
  version "1.0.6-nomadic"

xmlhttprequest@^1.8.0:
  version "1.8.0"
  resolved "https://registry.yarnpkg.com/xmlhttprequest/-/xmlhttprequest-1.8.0.tgz#67fe075c5c24fef39f9d65f5f7b7fe75171968fc"
  integrity sha1-Z/4HXFwk/vOfnWX197f+dRcZaPw=
